
Microsoft Visual Studio Solution File, Format Version 12.00
# Visual Studio 15
VisualStudioVersion = 15.0.28307.168
MinimumVisualStudioVersion = 10.0.40219.1
Project("{151D2E53-A2C4-4D7D-83FE-D05416EBD58E}") = "Task2ARM", "Task2ARM\Task2ARM.deployproj", "{10AC2C0B-7089-4233-B759-17036E912902}"
EndProject
Global
	GlobalSection(SolutionConfigurationPlatforms) = preSolution
		Debug|Any CPU = Debug|Any CPU
		Release|Any CPU = Release|Any CPU
	EndGlobalSection
	GlobalSection(ProjectConfigurationPlatforms) = postSolution
		{10AC2C0B-7089-4233-B759-17036E912902}.Debug|Any CPU.ActiveCfg = Debug|Any CPU
		{10AC2C0B-7089-4233-B759-17036E912902}.Debug|Any CPU.Build.0 = Debug|Any CPU
		{10AC2C0B-7089-4233-B759-17036E912902}.Release|Any CPU.ActiveCfg = Release|Any CPU
		{10AC2C0B-7089-4233-B759-17036E912902}.Release|Any CPU.Build.0 = Release|Any CPU
	EndGlobalSection
	GlobalSection(SolutionProperties) = preSolution
		HideSolutionNode = FALSE
	EndGlobalSection
	GlobalSection(ExtensibilityGlobals) = postSolution
		SolutionGuid = {DF71919D-DAB1-4E75-B469-E2566C75B5EE}
	EndGlobalSection
EndGlobal
