
Microsoft Visual Studio Solution File, Format Version 12.00
# Visual Studio 15
VisualStudioVersion = 15.0.28307.168
MinimumVisualStudioVersion = 10.0.40219.1
Project("{151D2E53-A2C4-4D7D-83FE-D05416EBD58E}") = "Task1ARM", "Task1ARM\Task1ARM.deployproj", "{386A6DEB-6C1B-4A38-9376-64583D474F5C}"
EndProject
Global
	GlobalSection(SolutionConfigurationPlatforms) = preSolution
		Debug|Any CPU = Debug|Any CPU
		Release|Any CPU = Release|Any CPU
	EndGlobalSection
	GlobalSection(ProjectConfigurationPlatforms) = postSolution
		{386A6DEB-6C1B-4A38-9376-64583D474F5C}.Debug|Any CPU.ActiveCfg = Debug|Any CPU
		{386A6DEB-6C1B-4A38-9376-64583D474F5C}.Debug|Any CPU.Build.0 = Debug|Any CPU
		{386A6DEB-6C1B-4A38-9376-64583D474F5C}.Release|Any CPU.ActiveCfg = Release|Any CPU
		{386A6DEB-6C1B-4A38-9376-64583D474F5C}.Release|Any CPU.Build.0 = Release|Any CPU
	EndGlobalSection
	GlobalSection(SolutionProperties) = preSolution
		HideSolutionNode = FALSE
	EndGlobalSection
	GlobalSection(ExtensibilityGlobals) = postSolution
		SolutionGuid = {E725C8C5-E795-4E1F-AD63-58E97A3357C9}
	EndGlobalSection
EndGlobal
